dependencies:
- name: resengit-common
  repository: oci://harbor.res.eng.it/resengit/helm
  version: 0.9.1
- name: grafana
  repository: oci://registry-1.docker.io/bitnamicharts
  version: 9.2.3
- name: thanos
  repository: oci://registry-1.docker.io/bitnamicharts
  version: 12.13.7
- name: opensearch
  repository: oci://registry-1.docker.io/bitnamicharts
  version: 0.6.1
digest: sha256:2e75c4a42ecd782d50aed067744de4794864c5f34b9576bc37450264ab709062
generated: "2024-02-12T13:48:10.563298542+01:00"
